// !$*UTF8*$!
{
	archiveVersion = 1;
	classes = {
	};
	objectVersion = 56;
	objects = {

/* Begin PBXBuildFile section */
		E64F34D72AC024A200E942BA /* AppDelegate.swift in Sources */ = {isa = PBXBuildFile; fileRef = E64F34D62AC024A200E942BA /* AppDelegate.swift */; };
		E64F34E02AC024A200E942BA /* Assets.xcassets in Resources */ = {isa = PBXBuildFile; fileRef = E64F34DF2AC024A200E942BA /* Assets.xcassets */; };
		E64F34E32AC024A200E942BA /* LaunchScreen.storyboard in Resources */ = {isa = PBXBuildFile; fileRef = E64F34E12AC024A200E942BA /* LaunchScreen.storyboard */; };
		E64F35012AC026F400E942BA /* AppConfiguration.swift in Sources */ = {isa = PBXBuildFile; fileRef = E64F35002AC026F400E942BA /* AppConfiguration.swift */; };
		E64F35032AC026FF00E942BA /* AppFlowCoordinator.swift in Sources */ = {isa = PBXBuildFile; fileRef = E64F35022AC026FF00E942BA /* AppFlowCoordinator.swift */; };
		E64F35082AC0272D00E942BA /* AppDIContainer.swift in Sources */ = {isa = PBXBuildFile; fileRef = E64F35072AC0272D00E942BA /* AppDIContainer.swift */; };
		E64F350A2AC0273B00E942BA /* UserSceneDIContainer.swift in Sources */ = {isa = PBXBuildFile; fileRef = E64F35092AC0273B00E942BA /* UserSceneDIContainer.swift */; };
/* End PBXBuildFile section */

/* Begin PBXFileReference section */
		E64F34D32AC024A200E942BA /* RandomUsers.app */ = {isa = PBXFileReference; explicitFileType = wrapper.application; includeInIndex = 0; path = RandomUsers.app; sourceTree = BUILT_PRODUCTS_DIR; };
		E64F34D62AC024A200E942BA /* AppDelegate.swift */ = {isa = PBXFileReference; lastKnownFileType = sourcecode.swift; path = AppDelegate.swift; sourceTree = "<group>"; };
		E64F34DF2AC024A200E942BA /* Assets.xcassets */ = {isa = PBXFileReference; lastKnownFileType = folder.assetcatalog; path = Assets.xcassets; sourceTree = "<group>"; };
		E64F34E22AC024A200E942BA /* Base */ = {isa = PBXFileReference; lastKnownFileType = file.storyboard; name = Base; path = Base.lproj/LaunchScreen.storyboard; sourceTree = "<group>"; };
		E64F34E42AC024A200E942BA /* Info.plist */ = {isa = PBXFileReference; lastKnownFileType = text.plist.xml; path = Info.plist; sourceTree = "<group>"; };
		E64F35002AC026F400E942BA /* AppConfiguration.swift */ = {isa = PBXFileReference; lastKnownFileType = sourcecode.swift; path = AppConfiguration.swift; sourceTree = "<group>"; };
		E64F35022AC026FF00E942BA /* AppFlowCoordinator.swift */ = {isa = PBXFileReference; lastKnownFileType = sourcecode.swift; path = AppFlowCoordinator.swift; sourceTree = "<group>"; };
		E64F35072AC0272D00E942BA /* AppDIContainer.swift */ = {isa = PBXFileReference; lastKnownFileType = sourcecode.swift; path = AppDIContainer.swift; sourceTree = "<group>"; };
		E64F35092AC0273B00E942BA /* UserSceneDIContainer.swift */ = {isa = PBXFileReference; lastKnownFileType = sourcecode.swift; path = UserSceneDIContainer.swift; sourceTree = "<group>"; };
/* End PBXFileReference section */

/* Begin PBXFrameworksBuildPhase section */
		E64F34D02AC024A200E942BA /* Frameworks */ = {
			isa = PBXFrameworksBuildPhase;
			buildActionMask = 2147483647;
			files = (
			);
			runOnlyForDeploymentPostprocessing = 0;
		};
/* End PBXFrameworksBuildPhase section */

/* Begin PBXGroup section */
		E64F34CA2AC024A200E942BA = {
			isa = PBXGroup;
			children = (
				E64F34D52AC024A200E942BA /* RandomUsers */,
				E64F34D42AC024A200E942BA /* Products */,
			);
			sourceTree = "<group>";
		};
		E64F34D42AC024A200E942BA /* Products */ = {
			isa = PBXGroup;
			children = (
				E64F34D32AC024A200E942BA /* RandomUsers.app */,
			);
			name = Products;
			sourceTree = "<group>";
		};
		E64F34D52AC024A200E942BA /* RandomUsers */ = {
			isa = PBXGroup;
			children = (
				E64F34EB2AC025AF00E942BA /* App */,
				E64F34EC2AC025C600E942BA /* Presentation */,
				E64F34ED2AC025CC00E942BA /* Domain */,
				E64F34EE2AC025D500E942BA /* Data */,
				E64F34EF2AC025DD00E942BA /* Infrastructure */,
				E64F34F02AC025E900E942BA /* Resources */,
				E64F34E42AC024A200E942BA /* Info.plist */,
			);
			path = RandomUsers;
			sourceTree = "<group>";
		};
		E64F34EB2AC025AF00E942BA /* App */ = {
			isa = PBXGroup;
			children = (
				E64F34D62AC024A200E942BA /* AppDelegate.swift */,
				E64F35002AC026F400E942BA /* AppConfiguration.swift */,
				E64F35022AC026FF00E942BA /* AppFlowCoordinator.swift */,
				E64F35062AC0271B00E942BA /* Dependencies */,
			);
			path = App;
			sourceTree = "<group>";
		};
		E64F34EC2AC025C600E942BA /* Presentation */ = {
			isa = PBXGroup;
			children = (
				E64F34F12AC0260D00E942BA /* UserScene */,
				E64F34F52AC0264900E942BA /* Base */,
				E64F34F62AC0265400E942BA /* Utils */,
			);
			path = Presentation;
			sourceTree = "<group>";
		};
		E64F34ED2AC025CC00E942BA /* Domain */ = {
			isa = PBXGroup;
			children = (
				E64F34F72AC0266700E942BA /* Entities */,
				E64F34F82AC0266D00E942BA /* UseCases */,
				E64F34F92AC0267600E942BA /* Interfaces */,
			);
			path = Domain;
			sourceTree = "<group>";
		};
		E64F34EE2AC025D500E942BA /* Data */ = {
			isa = PBXGroup;
			children = (
				E64F34FA2AC0269800E942BA /* Repositories */,
				E64F34FB2AC026A000E942BA /* Network */,
			);
			path = Data;
			sourceTree = "<group>";
		};
		E64F34EF2AC025DD00E942BA /* Infrastructure */ = {
			isa = PBXGroup;
			children = (
				E64F34FC2AC026A800E942BA /* Network */,
			);
			path = Infrastructure;
			sourceTree = "<group>";
		};
		E64F34F02AC025E900E942BA /* Resources */ = {
			isa = PBXGroup;
			children = (
				E64F34DF2AC024A200E942BA /* Assets.xcassets */,
				E64F34E12AC024A200E942BA /* LaunchScreen.storyboard */,
			);
			path = Resources;
			sourceTree = "<group>";
		};
		E64F34F12AC0260D00E942BA /* UserScene */ = {
			isa = PBXGroup;
			children = (
				E64F34F42AC0263300E942BA /* Flows */,
				E64F34F22AC0261500E942BA /* UserList */,
				E64F34F32AC0261C00E942BA /* UserDetail */,
			);
			path = UserScene;
			sourceTree = "<group>";
		};
		E64F34F22AC0261500E942BA /* UserList */ = {
			isa = PBXGroup;
			children = (
			);
			path = UserList;
			sourceTree = "<group>";
		};
		E64F34F32AC0261C00E942BA /* UserDetail */ = {
			isa = PBXGroup;
			children = (
			);
			path = UserDetail;
			sourceTree = "<group>";
		};
		E64F34F42AC0263300E942BA /* Flows */ = {
			isa = PBXGroup;
			children = (
			);
			path = Flows;
			sourceTree = "<group>";
		};
		E64F34F52AC0264900E942BA /* Base */ = {
			isa = PBXGroup;
			children = (
			);
			path = Base;
			sourceTree = "<group>";
		};
		E64F34F62AC0265400E942BA /* Utils */ = {
			isa = PBXGroup;
			children = (
			);
			path = Utils;
			sourceTree = "<group>";
		};
		E64F34F72AC0266700E942BA /* Entities */ = {
			isa = PBXGroup;
			children = (
			);
			path = Entities;
			sourceTree = "<group>";
		};
		E64F34F82AC0266D00E942BA /* UseCases */ = {
			isa = PBXGroup;
			children = (
			);
			path = UseCases;
			sourceTree = "<group>";
		};
		E64F34F92AC0267600E942BA /* Interfaces */ = {
			isa = PBXGroup;
			children = (
			);
			path = Interfaces;
			sourceTree = "<group>";
		};
		E64F34FA2AC0269800E942BA /* Repositories */ = {
			isa = PBXGroup;
			children = (
			);
			path = Repositories;
			sourceTree = "<group>";
		};
		E64F34FB2AC026A000E942BA /* Network */ = {
			isa = PBXGroup;
			children = (
			);
			path = Network;
			sourceTree = "<group>";
		};
		E64F34FC2AC026A800E942BA /* Network */ = {
			isa = PBXGroup;
			children = (
				E64F34FD2AC026AE00E942BA /* Support */,
			);
			path = Network;
			sourceTree = "<group>";
		};
		E64F34FD2AC026AE00E942BA /* Support */ = {
			isa = PBXGroup;
			children = (
			);
			path = Support;
			sourceTree = "<group>";
		};
		E64F35062AC0271B00E942BA /* Dependencies */ = {
			isa = PBXGroup;
			children = (
				E64F35072AC0272D00E942BA /* AppDIContainer.swift */,
				E64F35092AC0273B00E942BA /* UserSceneDIContainer.swift */,
			);
			path = Dependencies;
			sourceTree = "<group>";
		};
/* End PBXGroup section */

/* Begin PBXNativeTarget section */
		E64F34D22AC024A200E942BA /* RandomUsers */ = {
			isa = PBXNativeTarget;
			buildConfigurationList = E64F34E72AC024A200E942BA /* Build configuration list for PBXNativeTarget "RandomUsers" */;
			buildPhases = (
				E64F34CF2AC024A200E942BA /* Sources */,
				E64F34D02AC024A200E942BA /* Frameworks */,
				E64F34D12AC024A200E942BA /* Resources */,
			);
			buildRules = (
			);
			dependencies = (
			);
			name = RandomUsers;
			productName = RandomUsers;
			productReference = E64F34D32AC024A200E942BA /* RandomUsers.app */;
			productType = "com.apple.product-type.application";
		};
/* End PBXNativeTarget section */

/* Begin PBXProject section */
		E64F34CB2AC024A200E942BA /* Project object */ = {
			isa = PBXProject;
			attributes = {
				BuildIndependentTargetsInParallel = 1;
				LastSwiftUpdateCheck = 1430;
				LastUpgradeCheck = 1430;
				TargetAttributes = {
					E64F34D22AC024A200E942BA = {
						CreatedOnToolsVersion = 14.3;
					};
				};
			};
			buildConfigurationList = E64F34CE2AC024A200E942BA /* Build configuration list for PBXProject "RandomUsers" */;
			compatibilityVersion = "Xcode 14.0";
			developmentRegion = en;
			hasScannedForEncodings = 0;
			knownRegions = (
				en,
				Base,
			);
			mainGroup = E64F34CA2AC024A200E942BA;
			productRefGroup = E64F34D42AC024A200E942BA /* Products */;
			projectDirPath = "";
			projectRoot = "";
			targets = (
				E64F34D22AC024A200E942BA /* RandomUsers */,
			);
		};
/* End PBXProject section */

/* Begin PBXResourcesBuildPhase section */
		E64F34D12AC024A200E942BA /* Resources */ = {
			isa = PBXResourcesBuildPhase;
			buildActionMask = 2147483647;
			files = (
				E64F34E32AC024A200E942BA /* LaunchScreen.storyboard in Resources */,
				E64F34E02AC024A200E942BA /* Assets.xcassets in Resources */,
			);
			runOnlyForDeploymentPostprocessing = 0;
		};
/* End PBXResourcesBuildPhase section */

/* Begin PBXSourcesBuildPhase section */
		E64F34CF2AC024A200E942BA /* Sources */ = {
			isa = PBXSourcesBuildPhase;
			buildActionMask = 2147483647;
			files = (
				E64F35082AC0272D00E942BA /* AppDIContainer.swift in Sources */,
				E64F35012AC026F400E942BA /* AppConfiguration.swift in Sources */,
				E64F35032AC026FF00E942BA /* AppFlowCoordinator.swift in Sources */,
				E64F34D72AC024A200E942BA /* AppDelegate.swift in Sources */,
				E64F350A2AC0273B00E942BA /* UserSceneDIContainer.swift in Sources */,
			);
			runOnlyForDeploymentPostprocessing = 0;
		};
/* End PBXSourcesBuildPhase section */

/* Begin PBXVariantGroup section */
		E64F34E12AC024A200E942BA /* LaunchScreen.storyboard */ = {
			isa = PBXVariantGroup;
			children = (
				E64F34E22AC024A200E942BA /* Base */,
			);
			name = LaunchScreen.storyboard;
			sourceTree = "<group>";
		};
/* End PBXVariantGroup section */

/* Begin XCBuildConfiguration section */
		E64F34E52AC024A200E942BA /* Debug */ = {
			isa = XCBuildConfiguration;
			buildSettings = {
				ALWAYS_SEARCH_USER_PATHS = NO;
				CLANG_ANALYZER_NONNULL = YES;
				CLANG_ANALYZER_NUMBER_OBJECT_CONVERSION = YES_AGGRESSIVE;
				CLANG_CXX_LANGUAGE_STANDARD = "gnu++20";
				CLANG_ENABLE_MODULES = YES;
				CLANG_ENABLE_OBJC_ARC = YES;
				CLANG_ENABLE_OBJC_WEAK = YES;
				CLANG_WARN_BLOCK_CAPTURE_AUTORELEASING = YES;
				CLANG_WARN_BOOL_CONVERSION = YES;
				CLANG_WARN_COMMA = YES;
				CLANG_WARN_CONSTANT_CONVERSION = YES;
				CLANG_WARN_DEPRECATED_OBJC_IMPLEMENTATIONS = YES;
				CLANG_WARN_DIRECT_OBJC_ISA_USAGE = YES_ERROR;
				CLANG_WARN_DOCUMENTATION_COMMENTS = YES;
				CLANG_WARN_EMPTY_BODY = YES;
				CLANG_WARN_ENUM_CONVERSION = YES;
				CLANG_WARN_INFINITE_RECURSION = YES;
				CLANG_WARN_INT_CONVERSION = YES;
				CLANG_WARN_NON_LITERAL_NULL_CONVERSION = YES;
				CLANG_WARN_OBJC_IMPLICIT_RETAIN_SELF = YES;
				CLANG_WARN_OBJC_LITERAL_CONVERSION = YES;
				CLANG_WARN_OBJC_ROOT_CLASS = YES_ERROR;
				CLANG_WARN_QUOTED_INCLUDE_IN_FRAMEWORK_HEADER = YES;
				CLANG_WARN_RANGE_LOOP_ANALYSIS = YES;
				CLANG_WARN_STRICT_PROTOTYPES = YES;
				CLANG_WARN_SUSPICIOUS_MOVE = YES;
				CLANG_WARN_UNGUARDED_AVAILABILITY = YES_AGGRESSIVE;
				CLANG_WARN_UNREACHABLE_CODE = YES;
				CLANG_WARN__DUPLICATE_METHOD_MATCH = YES;
				COPY_PHASE_STRIP = NO;
				DEBUG_INFORMATION_FORMAT = dwarf;
				ENABLE_STRICT_OBJC_MSGSEND = YES;
				ENABLE_TESTABILITY = YES;
				GCC_C_LANGUAGE_STANDARD = gnu11;
				GCC_DYNAMIC_NO_PIC = NO;
				GCC_NO_COMMON_BLOCKS = YES;
				GCC_OPTIMIZATION_LEVEL = 0;
				GCC_PREPROCESSOR_DEFINITIONS = (
					"DEBUG=1",
					"$(inherited)",
				);
				GCC_WARN_64_TO_32_BIT_CONVERSION = YES;
				GCC_WARN_ABOUT_RETURN_TYPE = YES_ERROR;
				GCC_WARN_UNDECLARED_SELECTOR = YES;
				GCC_WARN_UNINITIALIZED_AUTOS = YES_AGGRESSIVE;
				GCC_WARN_UNUSED_FUNCTION = YES;
				GCC_WARN_UNUSED_VARIABLE = YES;
				IPHONEOS_DEPLOYMENT_TARGET = 13.0;
				MTL_ENABLE_DEBUG_INFO = INCLUDE_SOURCE;
				MTL_FAST_MATH = YES;
				ONLY_ACTIVE_ARCH = YES;
				SDKROOT = iphoneos;
				SWIFT_ACTIVE_COMPILATION_CONDITIONS = DEBUG;
				SWIFT_OPTIMIZATION_LEVEL = "-Onone";
			};
			name = Debug;
		};
		E64F34E62AC024A200E942BA /* Release */ = {
			isa = XCBuildConfiguration;
			buildSettings = {
				ALWAYS_SEARCH_USER_PATHS = NO;
				CLANG_ANALYZER_NONNULL = YES;
				CLANG_ANALYZER_NUMBER_OBJECT_CONVERSION = YES_AGGRESSIVE;
				CLANG_CXX_LANGUAGE_STANDARD = "gnu++20";
				CLANG_ENABLE_MODULES = YES;
				CLANG_ENABLE_OBJC_ARC = YES;
				CLANG_ENABLE_OBJC_WEAK = YES;
				CLANG_WARN_BLOCK_CAPTURE_AUTORELEASING = YES;
				CLANG_WARN_BOOL_CONVERSION = YES;
				CLANG_WARN_COMMA = YES;
				CLANG_WARN_CONSTANT_CONVERSION = YES;
				CLANG_WARN_DEPRECATED_OBJC_IMPLEMENTATIONS = YES;
				CLANG_WARN_DIRECT_OBJC_ISA_USAGE = YES_ERROR;
				CLANG_WARN_DOCUMENTATION_COMMENTS = YES;
				CLANG_WARN_EMPTY_BODY = YES;
				CLANG_WARN_ENUM_CONVERSION = YES;
				CLANG_WARN_INFINITE_RECURSION = YES;
				CLANG_WARN_INT_CONVERSION = YES;
				CLANG_WARN_NON_LITERAL_NULL_CONVERSION = YES;
				CLANG_WARN_OBJC_IMPLICIT_RETAIN_SELF = YES;
				CLANG_WARN_OBJC_LITERAL_CONVERSION = YES;
				CLANG_WARN_OBJC_ROOT_CLASS = YES_ERROR;
				CLANG_WARN_QUOTED_INCLUDE_IN_FRAMEWORK_HEADER = YES;
				CLANG_WARN_RANGE_LOOP_ANALYSIS = YES;
				CLANG_WARN_STRICT_PROTOTYPES = YES;
				CLANG_WARN_SUSPICIOUS_MOVE = YES;
				CLANG_WARN_UNGUARDED_AVAILABILITY = YES_AGGRESSIVE;
				CLANG_WARN_UNREACHABLE_CODE = YES;
				CLANG_WARN__DUPLICATE_METHOD_MATCH = YES;
				COPY_PHASE_STRIP = NO;
				DEBUG_INFORMATION_FORMAT = "dwarf-with-dsym";
				ENABLE_NS_ASSERTIONS = NO;
				ENABLE_STRICT_OBJC_MSGSEND = YES;
				GCC_C_LANGUAGE_STANDARD = gnu11;
				GCC_NO_COMMON_BLOCKS = YES;
				GCC_WARN_64_TO_32_BIT_CONVERSION = YES;
				GCC_WARN_ABOUT_RETURN_TYPE = YES_ERROR;
				GCC_WARN_UNDECLARED_SELECTOR = YES;
				GCC_WARN_UNINITIALIZED_AUTOS = YES_AGGRESSIVE;
				GCC_WARN_UNUSED_FUNCTION = YES;
				GCC_WARN_UNUSED_VARIABLE = YES;
				IPHONEOS_DEPLOYMENT_TARGET = 13.0;
				MTL_ENABLE_DEBUG_INFO = NO;
				MTL_FAST_MATH = YES;
				SDKROOT = iphoneos;
				SWIFT_COMPILATION_MODE = wholemodule;
				SWIFT_OPTIMIZATION_LEVEL = "-O";
				VALIDATE_PRODUCT = YES;
			};
			name = Release;
		};
		E64F34E82AC024A200E942BA /* Debug */ = {
			isa = XCBuildConfiguration;
			buildSettings = {
				ASSETCATALOG_COMPILER_APPICON_NAME = AppIcon;
				ASSETCATALOG_COMPILER_GLOBAL_ACCENT_COLOR_NAME = AccentColor;
				CODE_SIGN_STYLE = Automatic;
				CURRENT_PROJECT_VERSION = 1;
				GENERATE_INFOPLIST_FILE = YES;
				INFOPLIST_FILE = RandomUsers/Info.plist;
				INFOPLIST_KEY_UIApplicationSupportsIndirectInputEvents = YES;
				INFOPLIST_KEY_UILaunchStoryboardName = LaunchScreen;
				INFOPLIST_KEY_UISupportedInterfaceOrientations_iPad = "UIInterfaceOrientationPortrait UIInterfaceOrientationPortraitUpsideDown UIInterfaceOrientationLandscapeLeft UIInterfaceOrientationLandscapeRight";
				INFOPLIST_KEY_UISupportedInterfaceOrientations_iPhone = "UIInterfaceOrientationPortrait UIInterfaceOrientationLandscapeLeft UIInterfaceOrientationLandscapeRight";
				LD_RUNPATH_SEARCH_PATHS = (
					"$(inherited)",
					"@executable_path/Frameworks",
				);
				MARKETING_VERSION = 1.0;
				PRODUCT_BUNDLE_IDENTIFIER = kr.inswag.RandomUsers;
				PRODUCT_NAME = "$(TARGET_NAME)";
				SWIFT_EMIT_LOC_STRINGS = YES;
				SWIFT_VERSION = 5.0;
				TARGETED_DEVICE_FAMILY = "1,2";
			};
			name = Debug;
		};
		E64F34E92AC024A200E942BA /* Release */ = {
			isa = XCBuildConfiguration;
			buildSettings = {
				ASSETCATALOG_COMPILER_APPICON_NAME = AppIcon;
				ASSETCATALOG_COMPILER_GLOBAL_ACCENT_COLOR_NAME = AccentColor;
				CODE_SIGN_STYLE = Automatic;
				CURRENT_PROJECT_VERSION = 1;
				GENERATE_INFOPLIST_FILE = YES;
				INFOPLIST_FILE = RandomUsers/Info.plist;
				INFOPLIST_KEY_UIApplicationSupportsIndirectInputEvents = YES;
				INFOPLIST_KEY_UILaunchStoryboardName = LaunchScreen;
				INFOPLIST_KEY_UISupportedInterfaceOrientations_iPad = "UIInterfaceOrientationPortrait UIInterfaceOrientationPortraitUpsideDown UIInterfaceOrientationLandscapeLeft UIInterfaceOrientationLandscapeRight";
				INFOPLIST_KEY_UISupportedInterfaceOrientations_iPhone = "UIInterfaceOrientationPortrait UIInterfaceOrientationLandscapeLeft UIInterfaceOrientationLandscapeRight";
				LD_RUNPATH_SEARCH_PATHS = (
					"$(inherited)",
					"@executable_path/Frameworks",
				);
				MARKETING_VERSION = 1.0;
				PRODUCT_BUNDLE_IDENTIFIER = kr.inswag.RandomUsers;
				PRODUCT_NAME = "$(TARGET_NAME)";
				SWIFT_EMIT_LOC_STRINGS = YES;
				SWIFT_VERSION = 5.0;
				TARGETED_DEVICE_FAMILY = "1,2";
			};
			name = Release;
		};
/* End XCBuildConfiguration section */

/* Begin XCConfigurationList section */
		E64F34CE2AC024A200E942BA /* Build configuration list for PBXProject "RandomUsers" */ = {
			isa = XCConfigurationList;
			buildConfigurations = (
				E64F34E52AC024A200E942BA /* Debug */,
				E64F34E62AC024A200E942BA /* Release */,
			);
			defaultConfigurationIsVisible = 0;
			defaultConfigurationName = Release;
		};
		E64F34E72AC024A200E942BA /* Build configuration list for PBXNativeTarget "RandomUsers" */ = {
			isa = XCConfigurationList;
			buildConfigurations = (
				E64F34E82AC024A200E942BA /* Debug */,
				E64F34E92AC024A200E942BA /* Release */,
			);
			defaultConfigurationIsVisible = 0;
			defaultConfigurationName = Release;
		};
/* End XCConfigurationList section */
	};
	rootObject = E64F34CB2AC024A200E942BA /* Project object */;
}
